
Microsoft Visual Studio Solution File, Format Version 12.00
# Visual Studio Version 17
VisualStudioVersion = 17.12.35728.132 d17.12
MinimumVisualStudioVersion = 10.0.40219.1
Project("{8BC9CEB8-8B4A-11D0-8D11-00A0C91BC942}") = "OOP-Labs", "OOP-Labs\OOP-Labs.vcxproj", "{E09C6B18-9B13-4C5B-97B5-5E366B4EA042}"
EndProject
Project("{8BC9CEB8-8B4A-11D0-8D11-00A0C91BC942}") = "OOP-1.1", "OOP-1.1\OOP-1.1.vcxproj", "{6B08B17B-E051-462C-A44E-28BA4E384321}"
EndProject
Project("{8BC9CEB8-8B4A-11D0-8D11-00A0C91BC942}") = "OOP-1.2", "OOP-1.2\OOP-1.2.vcxproj", "{24BC23D0-89AF-4328-87A0-2B8771D56B3B}"
EndProject
Project("{2150E333-8FDC-42A3-9474-1A3956D46DE8}") = "Solution Items", "Solution Items", "{9B6665CC-4F81-4B10-BB2D-3BC084C58C82}"
	ProjectSection(SolutionItems) = preProject
		OOP-1.3\OOP-1.3.vcxproj = OOP-1.3\OOP-1.3.vcxproj
		OOP-10\OOP-10.vcxproj = OOP-10\OOP-10.vcxproj
		OOP-6\OOP-6.vcxproj = OOP-6\OOP-6.vcxproj
		OOP-7.2\OOP-7.2.vcxproj = OOP-7.2\OOP-7.2.vcxproj
		OOP-8\OOP-8.vcxproj = OOP-8\OOP-8.vcxproj
	EndProjectSection
EndProject
Project("{8BC9CEB8-8B4A-11D0-8D11-00A0C91BC942}") = "OOP-1.3", "OOP-1.3\OOP-1.3.vcxproj", "{2EC45654-2A6F-417A-8A5E-2E20788A4664}"
EndProject
Project("{8BC9CEB8-8B4A-11D0-8D11-00A0C91BC942}") = "OOP-2", "OOP-2\OOP-2.vcxproj", "{DE978BAF-E2F7-4704-98F3-278929198733}"
EndProject
Project("{8BC9CEB8-8B4A-11D0-8D11-00A0C91BC942}") = "OOP-3", "OOP-3\OOP-3.vcxproj", "{789A2F42-3CB1-4E1E-AC4D-466F9B1B9635}"
EndProject
Project("{8BC9CEB8-8B4A-11D0-8D11-00A0C91BC942}") = "OOP-4", "OOP-4\OOP-4.vcxproj", "{DCCED82C-CC46-4050-891F-52A9A3FA54DF}"
EndProject
Project("{8BC9CEB8-8B4A-11D0-8D11-00A0C91BC942}") = "OOP-5", "OOP-5\OOP-5.vcxproj", "{DD8173AB-DDDD-4D6F-9BE4-AA38E2723847}"
EndProject
Project("{8BC9CEB8-8B4A-11D0-8D11-00A0C91BC942}") = "OOP-6", "OOP-6\OOP-6.vcxproj", "{51D22455-7CEB-486C-BCD9-1F4D45473D72}"
EndProject
Project("{8BC9CEB8-8B4A-11D0-8D11-00A0C91BC942}") = "OOP-7.1", "OOP-7.1\OOP-7.1.vcxproj", "{FEF4D380-AEFC-4643-8809-CD312A9806B1}"
EndProject
Project("{8BC9CEB8-8B4A-11D0-8D11-00A0C91BC942}") = "OOP-7.2", "OOP-7.2\OOP-7.2.vcxproj", "{B054D349-0513-44C8-9FEB-2049415EEB40}"
EndProject
Project("{8BC9CEB8-8B4A-11D0-8D11-00A0C91BC942}") = "OOP-8", "OOP-8\OOP-8.vcxproj", "{1DB9A347-F3C0-4964-9563-D40674A68398}"
EndProject
Project("{8BC9CEB8-8B4A-11D0-8D11-00A0C91BC942}") = "OOP-10", "OOP-10\OOP-10.vcxproj", "{73523F01-BEDB-48A9-BC58-65852C448CD1}"
EndProject
Project("{8BC9CEB8-8B4A-11D0-8D11-00A0C91BC942}") = "TextRPG", "TextRPG\~AutoRecover.TextRPG.vcxproj", "{A7AEA765-18F0-4746-8A23-F88EA209B007}"
EndProject
Global
	GlobalSection(SolutionConfigurationPlatforms) = preSolution
		Debug|x64 = Debug|x64
		Debug|x86 = Debug|x86
		Release|x64 = Release|x64
		Release|x86 = Release|x86
	EndGlobalSection
	GlobalSection(ProjectConfigurationPlatforms) = postSolution
		{E09C6B18-9B13-4C5B-97B5-5E366B4EA042}.Debug|x64.ActiveCfg = Debug|x64
		{E09C6B18-9B13-4C5B-97B5-5E366B4EA042}.Debug|x64.Build.0 = Debug|x64
		{E09C6B18-9B13-4C5B-97B5-5E366B4EA042}.Debug|x86.ActiveCfg = Debug|Win32
		{E09C6B18-9B13-4C5B-97B5-5E366B4EA042}.Debug|x86.Build.0 = Debug|Win32
		{E09C6B18-9B13-4C5B-97B5-5E366B4EA042}.Release|x64.ActiveCfg = Release|x64
		{E09C6B18-9B13-4C5B-97B5-5E366B4EA042}.Release|x64.Build.0 = Release|x64
		{E09C6B18-9B13-4C5B-97B5-5E366B4EA042}.Release|x86.ActiveCfg = Release|Win32
		{E09C6B18-9B13-4C5B-97B5-5E366B4EA042}.Release|x86.Build.0 = Release|Win32
		{6B08B17B-E051-462C-A44E-28BA4E384321}.Debug|x64.ActiveCfg = Debug|x64
		{6B08B17B-E051-462C-A44E-28BA4E384321}.Debug|x64.Build.0 = Debug|x64
		{6B08B17B-E051-462C-A44E-28BA4E384321}.Debug|x86.ActiveCfg = Debug|Win32
		{6B08B17B-E051-462C-A44E-28BA4E384321}.Debug|x86.Build.0 = Debug|Win32
		{6B08B17B-E051-462C-A44E-28BA4E384321}.Release|x64.ActiveCfg = Release|x64
		{6B08B17B-E051-462C-A44E-28BA4E384321}.Release|x64.Build.0 = Release|x64
		{6B08B17B-E051-462C-A44E-28BA4E384321}.Release|x86.ActiveCfg = Release|Win32
		{6B08B17B-E051-462C-A44E-28BA4E384321}.Release|x86.Build.0 = Release|Win32
		{24BC23D0-89AF-4328-87A0-2B8771D56B3B}.Debug|x64.ActiveCfg = Debug|x64
		{24BC23D0-89AF-4328-87A0-2B8771D56B3B}.Debug|x64.Build.0 = Debug|x64
		{24BC23D0-89AF-4328-87A0-2B8771D56B3B}.Debug|x86.ActiveCfg = Debug|Win32
		{24BC23D0-89AF-4328-87A0-2B8771D56B3B}.Debug|x86.Build.0 = Debug|Win32
		{24BC23D0-89AF-4328-87A0-2B8771D56B3B}.Release|x64.ActiveCfg = Release|x64
		{24BC23D0-89AF-4328-87A0-2B8771D56B3B}.Release|x64.Build.0 = Release|x64
		{24BC23D0-89AF-4328-87A0-2B8771D56B3B}.Release|x86.ActiveCfg = Release|Win32
		{24BC23D0-89AF-4328-87A0-2B8771D56B3B}.Release|x86.Build.0 = Release|Win32
		{2EC45654-2A6F-417A-8A5E-2E20788A4664}.Debug|x64.ActiveCfg = Debug|x64
		{2EC45654-2A6F-417A-8A5E-2E20788A4664}.Debug|x64.Build.0 = Debug|x64
		{2EC45654-2A6F-417A-8A5E-2E20788A4664}.Debug|x86.ActiveCfg = Debug|Win32
		{2EC45654-2A6F-417A-8A5E-2E20788A4664}.Debug|x86.Build.0 = Debug|Win32
		{2EC45654-2A6F-417A-8A5E-2E20788A4664}.Release|x64.ActiveCfg = Release|x64
		{2EC45654-2A6F-417A-8A5E-2E20788A4664}.Release|x64.Build.0 = Release|x64
		{2EC45654-2A6F-417A-8A5E-2E20788A4664}.Release|x86.ActiveCfg = Release|Win32
		{2EC45654-2A6F-417A-8A5E-2E20788A4664}.Release|x86.Build.0 = Release|Win32
		{DE978BAF-E2F7-4704-98F3-278929198733}.Debug|x64.ActiveCfg = Debug|x64
		{DE978BAF-E2F7-4704-98F3-278929198733}.Debug|x64.Build.0 = Debug|x64
		{DE978BAF-E2F7-4704-98F3-278929198733}.Debug|x86.ActiveCfg = Debug|Win32
		{DE978BAF-E2F7-4704-98F3-278929198733}.Debug|x86.Build.0 = Debug|Win32
		{DE978BAF-E2F7-4704-98F3-278929198733}.Release|x64.ActiveCfg = Release|x64
		{DE978BAF-E2F7-4704-98F3-278929198733}.Release|x64.Build.0 = Release|x64
		{DE978BAF-E2F7-4704-98F3-278929198733}.Release|x86.ActiveCfg = Release|Win32
		{DE978BAF-E2F7-4704-98F3-278929198733}.Release|x86.Build.0 = Release|Win32
		{789A2F42-3CB1-4E1E-AC4D-466F9B1B9635}.Debug|x64.ActiveCfg = Debug|x64
		{789A2F42-3CB1-4E1E-AC4D-466F9B1B9635}.Debug|x64.Build.0 = Debug|x64
		{789A2F42-3CB1-4E1E-AC4D-466F9B1B9635}.Debug|x86.ActiveCfg = Debug|Win32
		{789A2F42-3CB1-4E1E-AC4D-466F9B1B9635}.Debug|x86.Build.0 = Debug|Win32
		{789A2F42-3CB1-4E1E-AC4D-466F9B1B9635}.Release|x64.ActiveCfg = Release|x64
		{789A2F42-3CB1-4E1E-AC4D-466F9B1B9635}.Release|x64.Build.0 = Release|x64
		{789A2F42-3CB1-4E1E-AC4D-466F9B1B9635}.Release|x86.ActiveCfg = Release|Win32
		{789A2F42-3CB1-4E1E-AC4D-466F9B1B9635}.Release|x86.Build.0 = Release|Win32
		{DCCED82C-CC46-4050-891F-52A9A3FA54DF}.Debug|x64.ActiveCfg = Debug|x64
		{DCCED82C-CC46-4050-891F-52A9A3FA54DF}.Debug|x64.Build.0 = Debug|x64
		{DCCED82C-CC46-4050-891F-52A9A3FA54DF}.Debug|x86.ActiveCfg = Debug|Win32
		{DCCED82C-CC46-4050-891F-52A9A3FA54DF}.Debug|x86.Build.0 = Debug|Win32
		{DCCED82C-CC46-4050-891F-52A9A3FA54DF}.Release|x64.ActiveCfg = Release|x64
		{DCCED82C-CC46-4050-891F-52A9A3FA54DF}.Release|x64.Build.0 = Release|x64
		{DCCED82C-CC46-4050-891F-52A9A3FA54DF}.Release|x86.ActiveCfg = Release|Win32
		{DCCED82C-CC46-4050-891F-52A9A3FA54DF}.Release|x86.Build.0 = Release|Win32
		{DD8173AB-DDDD-4D6F-9BE4-AA38E2723847}.Debug|x64.ActiveCfg = Debug|x64
		{DD8173AB-DDDD-4D6F-9BE4-AA38E2723847}.Debug|x64.Build.0 = Debug|x64
		{DD8173AB-DDDD-4D6F-9BE4-AA38E2723847}.Debug|x86.ActiveCfg = Debug|Win32
		{DD8173AB-DDDD-4D6F-9BE4-AA38E2723847}.Debug|x86.Build.0 = Debug|Win32
		{DD8173AB-DDDD-4D6F-9BE4-AA38E2723847}.Release|x64.ActiveCfg = Release|x64
		{DD8173AB-DDDD-4D6F-9BE4-AA38E2723847}.Release|x64.Build.0 = Release|x64
		{DD8173AB-DDDD-4D6F-9BE4-AA38E2723847}.Release|x86.ActiveCfg = Release|Win32
		{DD8173AB-DDDD-4D6F-9BE4-AA38E2723847}.Release|x86.Build.0 = Release|Win32
		{51D22455-7CEB-486C-BCD9-1F4D45473D72}.Debug|x64.ActiveCfg = Debug|x64
		{51D22455-7CEB-486C-BCD9-1F4D45473D72}.Debug|x64.Build.0 = Debug|x64
		{51D22455-7CEB-486C-BCD9-1F4D45473D72}.Debug|x86.ActiveCfg = Debug|Win32
		{51D22455-7CEB-486C-BCD9-1F4D45473D72}.Debug|x86.Build.0 = Debug|Win32
		{51D22455-7CEB-486C-BCD9-1F4D45473D72}.Release|x64.ActiveCfg = Release|x64
		{51D22455-7CEB-486C-BCD9-1F4D45473D72}.Release|x64.Build.0 = Release|x64
		{51D22455-7CEB-486C-BCD9-1F4D45473D72}.Release|x86.ActiveCfg = Release|Win32
		{51D22455-7CEB-486C-BCD9-1F4D45473D72}.Release|x86.Build.0 = Release|Win32
		{FEF4D380-AEFC-4643-8809-CD312A9806B1}.Debug|x64.ActiveCfg = Debug|x64
		{FEF4D380-AEFC-4643-8809-CD312A9806B1}.Debug|x64.Build.0 = Debug|x64
		{FEF4D380-AEFC-4643-8809-CD312A9806B1}.Debug|x86.ActiveCfg = Debug|Win32
		{FEF4D380-AEFC-4643-8809-CD312A9806B1}.Debug|x86.Build.0 = Debug|Win32
		{FEF4D380-AEFC-4643-8809-CD312A9806B1}.Release|x64.ActiveCfg = Release|x64
		{FEF4D380-AEFC-4643-8809-CD312A9806B1}.Release|x64.Build.0 = Release|x64
		{FEF4D380-AEFC-4643-8809-CD312A9806B1}.Release|x86.ActiveCfg = Release|Win32
		{FEF4D380-AEFC-4643-8809-CD312A9806B1}.Release|x86.Build.0 = Release|Win32
		{B054D349-0513-44C8-9FEB-2049415EEB40}.Debug|x64.ActiveCfg = Debug|x64
		{B054D349-0513-44C8-9FEB-2049415EEB40}.Debug|x64.Build.0 = Debug|x64
		{B054D349-0513-44C8-9FEB-2049415EEB40}.Debug|x86.ActiveCfg = Debug|Win32
		{B054D349-0513-44C8-9FEB-2049415EEB40}.Debug|x86.Build.0 = Debug|Win32
		{B054D349-0513-44C8-9FEB-2049415EEB40}.Release|x64.ActiveCfg = Release|x64
		{B054D349-0513-44C8-9FEB-2049415EEB40}.Release|x64.Build.0 = Release|x64
		{B054D349-0513-44C8-9FEB-2049415EEB40}.Release|x86.ActiveCfg = Release|Win32
		{B054D349-0513-44C8-9FEB-2049415EEB40}.Release|x86.Build.0 = Release|Win32
		{1DB9A347-F3C0-4964-9563-D40674A68398}.Debug|x64.ActiveCfg = Debug|x64
		{1DB9A347-F3C0-4964-9563-D40674A68398}.Debug|x64.Build.0 = Debug|x64
		{1DB9A347-F3C0-4964-9563-D40674A68398}.Debug|x86.ActiveCfg = Debug|Win32
		{1DB9A347-F3C0-4964-9563-D40674A68398}.Debug|x86.Build.0 = Debug|Win32
		{1DB9A347-F3C0-4964-9563-D40674A68398}.Release|x64.ActiveCfg = Release|x64
		{1DB9A347-F3C0-4964-9563-D40674A68398}.Release|x64.Build.0 = Release|x64
		{1DB9A347-F3C0-4964-9563-D40674A68398}.Release|x86.ActiveCfg = Release|Win32
		{1DB9A347-F3C0-4964-9563-D40674A68398}.Release|x86.Build.0 = Release|Win32
		{73523F01-BEDB-48A9-BC58-65852C448CD1}.Debug|x64.ActiveCfg = Debug|x64
		{73523F01-BEDB-48A9-BC58-65852C448CD1}.Debug|x64.Build.0 = Debug|x64
		{73523F01-BEDB-48A9-BC58-65852C448CD1}.Debug|x86.ActiveCfg = Debug|Win32
		{73523F01-BEDB-48A9-BC58-65852C448CD1}.Debug|x86.Build.0 = Debug|Win32
		{73523F01-BEDB-48A9-BC58-65852C448CD1}.Release|x64.ActiveCfg = Release|x64
		{73523F01-BEDB-48A9-BC58-65852C448CD1}.Release|x64.Build.0 = Release|x64
		{73523F01-BEDB-48A9-BC58-65852C448CD1}.Release|x86.ActiveCfg = Release|Win32
		{73523F01-BEDB-48A9-BC58-65852C448CD1}.Release|x86.Build.0 = Release|Win32
		{A7AEA765-18F0-4746-8A23-F88EA209B007}.Debug|x64.ActiveCfg = Debug|x64
		{A7AEA765-18F0-4746-8A23-F88EA209B007}.Debug|x64.Build.0 = Debug|x64
		{A7AEA765-18F0-4746-8A23-F88EA209B007}.Debug|x86.ActiveCfg = Debug|Win32
		{A7AEA765-18F0-4746-8A23-F88EA209B007}.Debug|x86.Build.0 = Debug|Win32
		{A7AEA765-18F0-4746-8A23-F88EA209B007}.Release|x64.ActiveCfg = Release|x64
		{A7AEA765-18F0-4746-8A23-F88EA209B007}.Release|x64.Build.0 = Release|x64
		{A7AEA765-18F0-4746-8A23-F88EA209B007}.Release|x86.ActiveCfg = Release|Win32
		{A7AEA765-18F0-4746-8A23-F88EA209B007}.Release|x86.Build.0 = Release|Win32
	EndGlobalSection
	GlobalSection(SolutionProperties) = preSolution
		HideSolutionNode = FALSE
	EndGlobalSection
EndGlobal
